{
  "pins" : [
    {
      "identity" : "syncstageswiftpackage",
      "kind" : "remoteSourceControl",
      "location" : "https://github.com/opensesamemedia/SyncStageSwiftPackage.git",
      "state" : {
        "revision" : "a757dc86cc5ea0884a2ddf24cfb37dacf30171e3",
        "version" : "0.5.1"
      }
    }
  ],
  "version" : 2
}
