{
  "originHash" : "cca7cba441871839e76171e88727dcb952cfecd8cdee8881e48311d970fb716c",
  "pins" : [
    {
      "identity" : "syncstageswiftpackage",
      "kind" : "remoteSourceControl",
      "location" : "https://github.com/opensesamemedia/SyncStageSwiftPackage.git",
      "state" : {
        "revision" : "a09172663e61a1a08d2a6292dd7e363218bd7cfa",
        "version" : "0.6.2"
      }
    }
  ],
  "version" : 3
}
