{
  "pins" : [
    {
      "identity" : "syncstageswiftpackage",
      "kind" : "remoteSourceControl",
      "location" : "https://github.com/opensesamemedia/SyncStageSwiftPackage.git",
      "state" : {
        "revision" : "e3d58a237111f1ab900e07e53bb9d6a45fc526bc",
        "version" : "0.6.0"
      }
    }
  ],
  "version" : 2
}
